
Microsoft Visual Studio Solution File, Format Version 12.00
# Visual Studio Version 16
VisualStudioVersion = 16.0.30517.126
MinimumVisualStudioVersion = 10.0.40219.1
Project("{FAE04EC0-301F-11D3-BF4B-00C04F79EFBC}") = "svanTipuricZ5", "svanTipuricZ5\svanTipuricZ5.csproj", "{125EA9C4-6131-45D6-9672-35BDD96F8642}"
EndProject
Global
	GlobalSection(SolutionConfigurationPlatforms) = preSolution
		Debug|Any CPU = Debug|Any CPU
		Release|Any CPU = Release|Any CPU
	EndGlobalSection
	GlobalSection(ProjectConfigurationPlatforms) = postSolution
		{125EA9C4-6131-45D6-9672-35BDD96F8642}.Debug|Any CPU.ActiveCfg = Debug|Any CPU
		{125EA9C4-6131-45D6-9672-35BDD96F8642}.Debug|Any CPU.Build.0 = Debug|Any CPU
		{125EA9C4-6131-45D6-9672-35BDD96F8642}.Release|Any CPU.ActiveCfg = Release|Any CPU
		{125EA9C4-6131-45D6-9672-35BDD96F8642}.Release|Any CPU.Build.0 = Release|Any CPU
	EndGlobalSection
	GlobalSection(SolutionProperties) = preSolution
		HideSolutionNode = FALSE
	EndGlobalSection
	GlobalSection(ExtensibilityGlobals) = postSolution
		SolutionGuid = {1D222C13-D816-41BC-AE03-43C7CB76248F}
	EndGlobalSection
EndGlobal
