
Microsoft Visual Studio Solution File, Format Version 12.00
# Visual Studio Version 16
VisualStudioVersion = 16.0.30517.126
MinimumVisualStudioVersion = 10.0.40219.1
Project("{FAE04EC0-301F-11D3-BF4B-00C04F79EFBC}") = "svanTipuricZ3", "svanTipuricZ3\svanTipuricZ3.csproj", "{C51DA168-BB89-4B4A-8AFE-DE46A024A842}"
EndProject
Global
	GlobalSection(SolutionConfigurationPlatforms) = preSolution
		Debug|Any CPU = Debug|Any CPU
		Release|Any CPU = Release|Any CPU
	EndGlobalSection
	GlobalSection(ProjectConfigurationPlatforms) = postSolution
		{C51DA168-BB89-4B4A-8AFE-DE46A024A842}.Debug|Any CPU.ActiveCfg = Debug|Any CPU
		{C51DA168-BB89-4B4A-8AFE-DE46A024A842}.Debug|Any CPU.Build.0 = Debug|Any CPU
		{C51DA168-BB89-4B4A-8AFE-DE46A024A842}.Release|Any CPU.ActiveCfg = Release|Any CPU
		{C51DA168-BB89-4B4A-8AFE-DE46A024A842}.Release|Any CPU.Build.0 = Release|Any CPU
	EndGlobalSection
	GlobalSection(SolutionProperties) = preSolution
		HideSolutionNode = FALSE
	EndGlobalSection
	GlobalSection(ExtensibilityGlobals) = postSolution
		SolutionGuid = {B182E90A-EEE1-4A85-B63F-8ECBEAE65D94}
	EndGlobalSection
EndGlobal
